// !$*UTF8*$!
{
	archiveVersion = 1;
	classes = {
	};
	objectVersion = 77;
	objects = {

/* Begin PBXBuildFile section */
		741AF8332E48C0FA009ACEFA /* ConfigurationSequenceView.swift in Sources */ = {isa = PBXBuildFile; fileRef = 741AF8322E48C0FA009ACEFA /* ConfigurationSequenceView.swift */; };
		741AF8352E490089009ACEFA /* CustomFileManager.swift in Sources */ = {isa = PBXBuildFile; fileRef = 741AF8342E490082009ACEFA /* CustomFileManager.swift */; };
		741AF8382E4B49B4009ACEFA /* CaptureView.swift in Sources */ = {isa = PBXBuildFile; fileRef = 741AF8372E4B49B4009ACEFA /* CaptureView.swift */; };
		741AF83A2E4B4B5D009ACEFA /* SequenceCatalogView.swift in Sources */ = {isa = PBXBuildFile; fileRef = 741AF8392E4B4B5D009ACEFA /* SequenceCatalogView.swift */; };
		7448D6332E3FD14500D0CB5C /* ci_post_xcodebuild.sh in Resources */ = {isa = PBXBuildFile; fileRef = 7448D6312E3FD14500D0CB5C /* ci_post_xcodebuild.sh */; };
		7448D6342E3FD14500D0CB5C /* ci_post_clone.sh in Resources */ = {isa = PBXBuildFile; fileRef = 7448D6302E3FD14500D0CB5C /* ci_post_clone.sh */; };
		7448D63D2E3FD15600D0CB5C /* LapseForgeApp.swift in Sources */ = {isa = PBXBuildFile; fileRef = 7448D6392E3FD15600D0CB5C /* LapseForgeApp.swift */; };
		7448D63E2E3FD15600D0CB5C /* Assets.xcassets in Resources */ = {isa = PBXBuildFile; fileRef = 7448D6352E3FD15600D0CB5C /* Assets.xcassets */; };
		7448D6412E3FD17600D0CB5C /* Utils.swift in Sources */ = {isa = PBXBuildFile; fileRef = 7448D6402E3FD17600D0CB5C /* Utils.swift */; };
		7448D6612E41184C00D0CB5C /* LapseProject.swift in Sources */ = {isa = PBXBuildFile; fileRef = 7448D6602E41184C00D0CB5C /* LapseProject.swift */; };
		7448D6632E41185900D0CB5C /* ProjectsListView.swift in Sources */ = {isa = PBXBuildFile; fileRef = 7448D6622E41185900D0CB5C /* ProjectsListView.swift */; };
		747CCCAB2E574A4300050494 /* PHVideoPicker.swift in Sources */ = {isa = PBXBuildFile; fileRef = 747CCCAA2E574A4300050494 /* PHVideoPicker.swift */; };
		74BD695A2E43CB5200532A24 /* ProjectView.swift in Sources */ = {isa = PBXBuildFile; fileRef = 74BD69592E43CB5200532A24 /* ProjectView.swift */; };
		74BD695C2E43CFD300532A24 /* CaptureSequenceView.swift in Sources */ = {isa = PBXBuildFile; fileRef = 74BD695B2E43CFD300532A24 /* CaptureSequenceView.swift */; };
		74BD695F2E46586800532A24 /* TimeLineView.swift in Sources */ = {isa = PBXBuildFile; fileRef = 74BD695E2E46586800532A24 /* TimeLineView.swift */; };
		74BD69622E46588700532A24 /* TimeInterval+Extension.swift in Sources */ = {isa = PBXBuildFile; fileRef = 74BD69612E46588700532A24 /* TimeInterval+Extension.swift */; };
		74BD69642E475E3100532A24 /* PreviewView.swift in Sources */ = {isa = PBXBuildFile; fileRef = 74BD69632E475E3100532A24 /* PreviewView.swift */; };
		74BD69672E477F9D00532A24 /* IntPicker.swift in Sources */ = {isa = PBXBuildFile; fileRef = 74BD69662E477F9D00532A24 /* IntPicker.swift */; };
		74BD69692E477FB700532A24 /* TimeIntervalPicker.swift in Sources */ = {isa = PBXBuildFile; fileRef = 74BD69682E477FB700532A24 /* TimeIntervalPicker.swift */; };
		74BD696B2E47A79200532A24 /* Array+Extension.swift in Sources */ = {isa = PBXBuildFile; fileRef = 74BD696A2E47A78E00532A24 /* Array+Extension.swift */; };
		74C8BA5D2E96CC2800979C0B /* IdleTimerDisabled.swift in Sources */ = {isa = PBXBuildFile; fileRef = 74C8BA5C2E96CC2800979C0B /* IdleTimerDisabled.swift */; };
		74C8BA652E9BC3E000979C0B /* Launch Screen.storyboard in Resources */ = {isa = PBXBuildFile; fileRef = 74C8BA642E9BC3E000979C0B /* Launch Screen.storyboard */; };
		74D769702E8805AE0076BCD4 /* DisplayedTextView.swift in Sources */ = {isa = PBXBuildFile; fileRef = 74D7696F2E8805AE0076BCD4 /* DisplayedTextView.swift */; };
		74D769742E9136750076BCD4 /* SquareByIntrinsic.swift in Sources */ = {isa = PBXBuildFile; fileRef = 74D769732E9136750076BCD4 /* SquareByIntrinsic.swift */; };
		74D769782E92921A0076BCD4 /* ExpandableGlassMenu.swift in Sources */ = {isa = PBXBuildFile; fileRef = 74D769772E92921A0076BCD4 /* ExpandableGlassMenu.swift */; };
		74E15BE12E6204C200E148F7 /* ImportSequenceView.swift in Sources */ = {isa = PBXBuildFile; fileRef = 74E15BE02E6204C200E148F7 /* ImportSequenceView.swift */; };
		74E15BE32E6609BF00E148F7 /* ExporterButton.swift in Sources */ = {isa = PBXBuildFile; fileRef = 74E15BE22E6609BF00E148F7 /* ExporterButton.swift */; };
		74E15BE52E6EE0A900E148F7 /* CustomAlert.swift in Sources */ = {isa = PBXBuildFile; fileRef = 74E15BE42E6EE0A900E148F7 /* CustomAlert.swift */; };
		74E15BE72E6EE11200E148F7 /* Optional+Extension.swift in Sources */ = {isa = PBXBuildFile; fileRef = 74E15BE62E6EE10D00E148F7 /* Optional+Extension.swift */; };
		74F377D92E7333BC00AB1A72 /* icon.icon in Resources */ = {isa = PBXBuildFile; fileRef = 74F377D82E7333BC00AB1A72 /* icon.icon */; };
		74F377E22E75C8B900AB1A72 /* Common.xcstrings in Resources */ = {isa = PBXBuildFile; fileRef = 74F377E12E75C8B900AB1A72 /* Common.xcstrings */; };
		74F377E52E75C9BD00AB1A72 /* CaptureSequence.xcstrings in Resources */ = {isa = PBXBuildFile; fileRef = 74F377E42E75C9BD00AB1A72 /* CaptureSequence.xcstrings */; };
		74F377E72E75CC5A00AB1A72 /* Project.xcstrings in Resources */ = {isa = PBXBuildFile; fileRef = 74F377E62E75CC5A00AB1A72 /* Project.xcstrings */; };
		74F377EA2E75CEBA00AB1A72 /* ImportSequence.xcstrings in Resources */ = {isa = PBXBuildFile; fileRef = 74F377E92E75CEBA00AB1A72 /* ImportSequence.xcstrings */; };
		74F377ED2E75D12400AB1A72 /* ProjectsList.xcstrings in Resources */ = {isa = PBXBuildFile; fileRef = 74F377EC2E75D12400AB1A72 /* ProjectsList.xcstrings */; };
		74F377F02E75D25500AB1A72 /* SequenceCatalog.xcstrings in Resources */ = {isa = PBXBuildFile; fileRef = 74F377EF2E75D25500AB1A72 /* SequenceCatalog.xcstrings */; };
/* End PBXBuildFile section */

/* Begin PBXFileReference section */
		741AF8322E48C0FA009ACEFA /* ConfigurationSequenceView.swift */ = {isa = PBXFileReference; lastKnownFileType = sourcecode.swift; path = ConfigurationSequenceView.swift; sourceTree = "<group>"; };
		741AF8342E490082009ACEFA /* CustomFileManager.swift */ = {isa = PBXFileReference; lastKnownFileType = sourcecode.swift; path = CustomFileManager.swift; sourceTree = "<group>"; };
		741AF8372E4B49B4009ACEFA /* CaptureView.swift */ = {isa = PBXFileReference; lastKnownFileType = sourcecode.swift; path = CaptureView.swift; sourceTree = "<group>"; };
		741AF8392E4B4B5D009ACEFA /* SequenceCatalogView.swift */ = {isa = PBXFileReference; lastKnownFileType = sourcecode.swift; path = SequenceCatalogView.swift; sourceTree = "<group>"; };
		7448D6102E3FCBC100D0CB5C /* LapseForge.app */ = {isa = PBXFileReference; explicitFileType = wrapper.application; includeInIndex = 0; path = LapseForge.app; sourceTree = BUILT_PRODUCTS_DIR; };
		7448D6302E3FD14500D0CB5C /* ci_post_clone.sh */ = {isa = PBXFileReference; lastKnownFileType = text.script.sh; path = ci_post_clone.sh; sourceTree = "<group>"; };
		7448D6312E3FD14500D0CB5C /* ci_post_xcodebuild.sh */ = {isa = PBXFileReference; lastKnownFileType = text.script.sh; path = ci_post_xcodebuild.sh; sourceTree = "<group>"; };
		7448D6352E3FD15600D0CB5C /* Assets.xcassets */ = {isa = PBXFileReference; lastKnownFileType = folder.assetcatalog; path = Assets.xcassets; sourceTree = "<group>"; };
		7448D6382E3FD15600D0CB5C /* LapseForge.entitlements */ = {isa = PBXFileReference; lastKnownFileType = text.plist.entitlements; path = LapseForge.entitlements; sourceTree = "<group>"; };
		7448D6392E3FD15600D0CB5C /* LapseForgeApp.swift */ = {isa = PBXFileReference; lastKnownFileType = sourcecode.swift; path = LapseForgeApp.swift; sourceTree = "<group>"; };
		7448D6402E3FD17600D0CB5C /* Utils.swift */ = {isa = PBXFileReference; lastKnownFileType = sourcecode.swift; path = Utils.swift; sourceTree = "<group>"; };
		7448D6602E41184C00D0CB5C /* LapseProject.swift */ = {isa = PBXFileReference; lastKnownFileType = sourcecode.swift; path = LapseProject.swift; sourceTree = "<group>"; };
		7448D6622E41185900D0CB5C /* ProjectsListView.swift */ = {isa = PBXFileReference; lastKnownFileType = sourcecode.swift; path = ProjectsListView.swift; sourceTree = "<group>"; };
		747CCCA92E5748EA00050494 /* Info.plist */ = {isa = PBXFileReference; lastKnownFileType = text.plist; path = Info.plist; sourceTree = "<group>"; };
		747CCCAA2E574A4300050494 /* PHVideoPicker.swift */ = {isa = PBXFileReference; lastKnownFileType = sourcecode.swift; path = PHVideoPicker.swift; sourceTree = "<group>"; };
		74BD69592E43CB5200532A24 /* ProjectView.swift */ = {isa = PBXFileReference; lastKnownFileType = sourcecode.swift; path = ProjectView.swift; sourceTree = "<group>"; };
		74BD695B2E43CFD300532A24 /* CaptureSequenceView.swift */ = {isa = PBXFileReference; lastKnownFileType = sourcecode.swift; path = CaptureSequenceView.swift; sourceTree = "<group>"; };
		74BD695E2E46586800532A24 /* TimeLineView.swift */ = {isa = PBXFileReference; lastKnownFileType = sourcecode.swift; path = TimeLineView.swift; sourceTree = "<group>"; };
		74BD69612E46588700532A24 /* TimeInterval+Extension.swift */ = {isa = PBXFileReference; lastKnownFileType = sourcecode.swift; path = "TimeInterval+Extension.swift"; sourceTree = "<group>"; };
		74BD69632E475E3100532A24 /* PreviewView.swift */ = {isa = PBXFileReference; lastKnownFileType = sourcecode.swift; path = PreviewView.swift; sourceTree = "<group>"; };
		74BD69662E477F9D00532A24 /* IntPicker.swift */ = {isa = PBXFileReference; lastKnownFileType = sourcecode.swift; path = IntPicker.swift; sourceTree = "<group>"; };
		74BD69682E477FB700532A24 /* TimeIntervalPicker.swift */ = {isa = PBXFileReference; lastKnownFileType = sourcecode.swift; path = TimeIntervalPicker.swift; sourceTree = "<group>"; };
		74BD696A2E47A78E00532A24 /* Array+Extension.swift */ = {isa = PBXFileReference; lastKnownFileType = sourcecode.swift; path = "Array+Extension.swift"; sourceTree = "<group>"; };
		74C8BA5C2E96CC2800979C0B /* IdleTimerDisabled.swift */ = {isa = PBXFileReference; lastKnownFileType = sourcecode.swift; path = IdleTimerDisabled.swift; sourceTree = "<group>"; };
		74C8BA642E9BC3E000979C0B /* Launch Screen.storyboard */ = {isa = PBXFileReference; lastKnownFileType = file.storyboard; path = "Launch Screen.storyboard"; sourceTree = "<group>"; };
		74D7696F2E8805AE0076BCD4 /* DisplayedTextView.swift */ = {isa = PBXFileReference; lastKnownFileType = sourcecode.swift; path = DisplayedTextView.swift; sourceTree = "<group>"; };
		74D769732E9136750076BCD4 /* SquareByIntrinsic.swift */ = {isa = PBXFileReference; lastKnownFileType = sourcecode.swift; path = SquareByIntrinsic.swift; sourceTree = "<group>"; };
		74D769772E92921A0076BCD4 /* ExpandableGlassMenu.swift */ = {isa = PBXFileReference; lastKnownFileType = sourcecode.swift; path = ExpandableGlassMenu.swift; sourceTree = "<group>"; };
		74E15BE02E6204C200E148F7 /* ImportSequenceView.swift */ = {isa = PBXFileReference; lastKnownFileType = sourcecode.swift; path = ImportSequenceView.swift; sourceTree = "<group>"; };
		74E15BE22E6609BF00E148F7 /* ExporterButton.swift */ = {isa = PBXFileReference; lastKnownFileType = sourcecode.swift; path = ExporterButton.swift; sourceTree = "<group>"; };
		74E15BE42E6EE0A900E148F7 /* CustomAlert.swift */ = {isa = PBXFileReference; lastKnownFileType = sourcecode.swift; path = CustomAlert.swift; sourceTree = "<group>"; };
		74E15BE62E6EE10D00E148F7 /* Optional+Extension.swift */ = {isa = PBXFileReference; lastKnownFileType = sourcecode.swift; path = "Optional+Extension.swift"; sourceTree = "<group>"; };
		74F377D82E7333BC00AB1A72 /* icon.icon */ = {isa = PBXFileReference; lastKnownFileType = folder.iconcomposer.icon; path = icon.icon; sourceTree = "<group>"; };
		74F377DA2E7583F000AB1A72 /* README.md */ = {isa = PBXFileReference; lastKnownFileType = net.daringfireball.markdown; path = README.md; sourceTree = "<group>"; };
		74F377DB2E75844100AB1A72 /* LICENSE */ = {isa = PBXFileReference; lastKnownFileType = text; path = LICENSE; sourceTree = "<group>"; };
		74F377E12E75C8B900AB1A72 /* Common.xcstrings */ = {isa = PBXFileReference; lastKnownFileType = text.json.xcstrings; path = Common.xcstrings; sourceTree = "<group>"; };
		74F377E42E75C9BD00AB1A72 /* CaptureSequence.xcstrings */ = {isa = PBXFileReference; lastKnownFileType = text.json.xcstrings; path = CaptureSequence.xcstrings; sourceTree = "<group>"; };
		74F377E62E75CC5A00AB1A72 /* Project.xcstrings */ = {isa = PBXFileReference; lastKnownFileType = text.json.xcstrings; path = Project.xcstrings; sourceTree = "<group>"; };
		74F377E92E75CEBA00AB1A72 /* ImportSequence.xcstrings */ = {isa = PBXFileReference; lastKnownFileType = text.json.xcstrings; path = ImportSequence.xcstrings; sourceTree = "<group>"; };
		74F377EC2E75D12400AB1A72 /* ProjectsList.xcstrings */ = {isa = PBXFileReference; lastKnownFileType = text.json.xcstrings; path = ProjectsList.xcstrings; sourceTree = "<group>"; };
		74F377EF2E75D25500AB1A72 /* SequenceCatalog.xcstrings */ = {isa = PBXFileReference; lastKnownFileType = text.json.xcstrings; path = SequenceCatalog.xcstrings; sourceTree = "<group>"; };
/* End PBXFileReference section */

/* Begin PBXFrameworksBuildPhase section */
		7448D60D2E3FCBC100D0CB5C /* Frameworks */ = {
			isa = PBXFrameworksBuildPhase;
			buildActionMask = 2147483647;
			files = (
			);
			runOnlyForDeploymentPostprocessing = 0;
		};
/* End PBXFrameworksBuildPhase section */

/* Begin PBXGroup section */
		7448D6072E3FCBC100D0CB5C = {
			isa = PBXGroup;
			children = (
				74F377DB2E75844100AB1A72 /* LICENSE */,
				74F377DA2E7583F000AB1A72 /* README.md */,
				7448D6322E3FD14500D0CB5C /* ci_scripts */,
				7448D63A2E3FD15600D0CB5C /* LapseForge */,
				7448D6112E3FCBC100D0CB5C /* Products */,
			);
			sourceTree = "<group>";
		};
		7448D6112E3FCBC100D0CB5C /* Products */ = {
			isa = PBXGroup;
			children = (
				7448D6102E3FCBC100D0CB5C /* LapseForge.app */,
			);
			name = Products;
			sourceTree = "<group>";
		};
		7448D6322E3FD14500D0CB5C /* ci_scripts */ = {
			isa = PBXGroup;
			children = (
				7448D6302E3FD14500D0CB5C /* ci_post_clone.sh */,
				7448D6312E3FD14500D0CB5C /* ci_post_xcodebuild.sh */,
			);
			path = ci_scripts;
			sourceTree = "<group>";
		};
		7448D63A2E3FD15600D0CB5C /* LapseForge */ = {
			isa = PBXGroup;
			children = (
				747CCCA92E5748EA00050494 /* Info.plist */,
				74BD69652E477F8C00532A24 /* Components */,
				74BD69602E46587800532A24 /* Extension */,
				7448D63F2E3FD16D00D0CB5C /* Utils */,
				74C8BA632E9BC3BE00979C0B /* Launch */,
				7448D6552E3FD3B200D0CB5C /* Models */,
				7448D6562E3FD3BD00D0CB5C /* Modules */,
				7448D6352E3FD15600D0CB5C /* Assets.xcassets */,
				74F377D82E7333BC00AB1A72 /* icon.icon */,
				74F377E12E75C8B900AB1A72 /* Common.xcstrings */,
				7448D6382E3FD15600D0CB5C /* LapseForge.entitlements */,
				7448D6392E3FD15600D0CB5C /* LapseForgeApp.swift */,
			);
			path = LapseForge;
			sourceTree = "<group>";
		};
		7448D63F2E3FD16D00D0CB5C /* Utils */ = {
			isa = PBXGroup;
			children = (
				741AF8342E490082009ACEFA /* CustomFileManager.swift */,
				7448D6402E3FD17600D0CB5C /* Utils.swift */,
			);
			path = Utils;
			sourceTree = "<group>";
		};
		7448D6552E3FD3B200D0CB5C /* Models */ = {
			isa = PBXGroup;
			children = (
				7448D6602E41184C00D0CB5C /* LapseProject.swift */,
			);
			path = Models;
			sourceTree = "<group>";
		};
		7448D6562E3FD3BD00D0CB5C /* Modules */ = {
			isa = PBXGroup;
			children = (
				74F377EB2E75D11B00AB1A72 /* ProjectsList */,
				74BD695D2E46585200532A24 /* ProjectView */,
				74F377E32E75C99E00AB1A72 /* CaptureSequence */,
				74F377E82E75CEAF00AB1A72 /* ImportSequence */,
				74F377EE2E75D24900AB1A72 /* SequenceCatalog */,
			);
			path = Modules;
			sourceTree = "<group>";
		};
		74BD695D2E46585200532A24 /* ProjectView */ = {
			isa = PBXGroup;
			children = (
				74BD69592E43CB5200532A24 /* ProjectView.swift */,
				74BD69632E475E3100532A24 /* PreviewView.swift */,
				74BD695E2E46586800532A24 /* TimeLineView.swift */,
				741AF8322E48C0FA009ACEFA /* ConfigurationSequenceView.swift */,
				747CCCAA2E574A4300050494 /* PHVideoPicker.swift */,
				74E15BE22E6609BF00E148F7 /* ExporterButton.swift */,
				74F377E62E75CC5A00AB1A72 /* Project.xcstrings */,
			);
			path = ProjectView;
			sourceTree = "<group>";
		};
		74BD69602E46587800532A24 /* Extension */ = {
			isa = PBXGroup;
			children = (
				74BD696A2E47A78E00532A24 /* Array+Extension.swift */,
				74E15BE62E6EE10D00E148F7 /* Optional+Extension.swift */,
				74BD69612E46588700532A24 /* TimeInterval+Extension.swift */,
			);
			path = Extension;
			sourceTree = "<group>";
		};
		74BD69652E477F8C00532A24 /* Components */ = {
			isa = PBXGroup;
			children = (
				74C8BA5C2E96CC2800979C0B /* IdleTimerDisabled.swift */,
				74D769772E92921A0076BCD4 /* ExpandableGlassMenu.swift */,
				74D769732E9136750076BCD4 /* SquareByIntrinsic.swift */,
				74D7696F2E8805AE0076BCD4 /* DisplayedTextView.swift */,
				74E15BE42E6EE0A900E148F7 /* CustomAlert.swift */,
				74BD69682E477FB700532A24 /* TimeIntervalPicker.swift */,
				74BD69662E477F9D00532A24 /* IntPicker.swift */,
				741AF8372E4B49B4009ACEFA /* CaptureView.swift */,
			);
			path = Components;
			sourceTree = "<group>";
		};
		74C8BA632E9BC3BE00979C0B /* Launch */ = {
			isa = PBXGroup;
			children = (
				74C8BA642E9BC3E000979C0B /* Launch Screen.storyboard */,
			);
			path = Launch;
			sourceTree = "<group>";
		};
		74F377E32E75C99E00AB1A72 /* CaptureSequence */ = {
			isa = PBXGroup;
			children = (
				74BD695B2E43CFD300532A24 /* CaptureSequenceView.swift */,
				74F377E42E75C9BD00AB1A72 /* CaptureSequence.xcstrings */,
			);
			path = CaptureSequence;
			sourceTree = "<group>";
		};
		74F377E82E75CEAF00AB1A72 /* ImportSequence */ = {
			isa = PBXGroup;
			children = (
				74E15BE02E6204C200E148F7 /* ImportSequenceView.swift */,
				74F377E92E75CEBA00AB1A72 /* ImportSequence.xcstrings */,
			);
			path = ImportSequence;
			sourceTree = "<group>";
		};
		74F377EB2E75D11B00AB1A72 /* ProjectsList */ = {
			isa = PBXGroup;
			children = (
				7448D6622E41185900D0CB5C /* ProjectsListView.swift */,
				74F377EC2E75D12400AB1A72 /* ProjectsList.xcstrings */,
			);
			path = ProjectsList;
			sourceTree = "<group>";
		};
		74F377EE2E75D24900AB1A72 /* SequenceCatalog */ = {
			isa = PBXGroup;
			children = (
				741AF8392E4B4B5D009ACEFA /* SequenceCatalogView.swift */,
				74F377EF2E75D25500AB1A72 /* SequenceCatalog.xcstrings */,
			);
			path = SequenceCatalog;
			sourceTree = "<group>";
		};
/* End PBXGroup section */

/* Begin PBXNativeTarget section */
		7448D60F2E3FCBC100D0CB5C /* LapseForge */ = {
			isa = PBXNativeTarget;
			buildConfigurationList = 7448D61E2E3FCBC200D0CB5C /* Build configuration list for PBXNativeTarget "LapseForge" */;
			buildPhases = (
				7448D60C2E3FCBC100D0CB5C /* Sources */,
				7448D60D2E3FCBC100D0CB5C /* Frameworks */,
				7448D60E2E3FCBC100D0CB5C /* Resources */,
			);
			buildRules = (
			);
			dependencies = (
				7448D62F2E3FD07700D0CB5C /* PBXTargetDependency */,
			);
			name = LapseForge;
			packageProductDependencies = (
			);
			productName = LapseForge;
			productReference = 7448D6102E3FCBC100D0CB5C /* LapseForge.app */;
			productType = "com.apple.product-type.application";
		};
/* End PBXNativeTarget section */

/* Begin PBXProject section */
		7448D6082E3FCBC100D0CB5C /* Project object */ = {
			isa = PBXProject;
			attributes = {
				BuildIndependentTargetsInParallel = 1;
				LastSwiftUpdateCheck = 1630;
				LastUpgradeCheck = 2600;
				TargetAttributes = {
					7448D60F2E3FCBC100D0CB5C = {
						CreatedOnToolsVersion = 16.3;
					};
				};
			};
			buildConfigurationList = 7448D60B2E3FCBC100D0CB5C /* Build configuration list for PBXProject "LapseForge" */;
			developmentRegion = es;
			hasScannedForEncodings = 0;
			knownRegions = (
				en,
				Base,
				es,
			);
			mainGroup = 7448D6072E3FCBC100D0CB5C;
			minimizedProjectReferenceProxies = 1;
			packageReferences = (
				7448D62D2E3FCF7000D0CB5C /* XCRemoteSwiftPackageReference "SwiftLintPlugins" */,
			);
			preferredProjectObjectVersion = 77;
			productRefGroup = 7448D6112E3FCBC100D0CB5C /* Products */;
			projectDirPath = "";
			projectRoot = "";
			targets = (
				7448D60F2E3FCBC100D0CB5C /* LapseForge */,
			);
		};
/* End PBXProject section */

/* Begin PBXResourcesBuildPhase section */
		7448D60E2E3FCBC100D0CB5C /* Resources */ = {
			isa = PBXResourcesBuildPhase;
			buildActionMask = 2147483647;
			files = (
				7448D6332E3FD14500D0CB5C /* ci_post_xcodebuild.sh in Resources */,
				74F377EA2E75CEBA00AB1A72 /* ImportSequence.xcstrings in Resources */,
				74F377E72E75CC5A00AB1A72 /* Project.xcstrings in Resources */,
				74F377E52E75C9BD00AB1A72 /* CaptureSequence.xcstrings in Resources */,
				74F377F02E75D25500AB1A72 /* SequenceCatalog.xcstrings in Resources */,
				74F377ED2E75D12400AB1A72 /* ProjectsList.xcstrings in Resources */,
				74C8BA652E9BC3E000979C0B /* Launch Screen.storyboard in Resources */,
				74F377D92E7333BC00AB1A72 /* icon.icon in Resources */,
				7448D63E2E3FD15600D0CB5C /* Assets.xcassets in Resources */,
				74F377E22E75C8B900AB1A72 /* Common.xcstrings in Resources */,
				7448D6342E3FD14500D0CB5C /* ci_post_clone.sh in Resources */,
			);
			runOnlyForDeploymentPostprocessing = 0;
		};
/* End PBXResourcesBuildPhase section */

/* Begin PBXSourcesBuildPhase section */
		7448D60C2E3FCBC100D0CB5C /* Sources */ = {
			isa = PBXSourcesBuildPhase;
			buildActionMask = 2147483647;
			files = (
				747CCCAB2E574A4300050494 /* PHVideoPicker.swift in Sources */,
				74D769782E92921A0076BCD4 /* ExpandableGlassMenu.swift in Sources */,
				74BD69692E477FB700532A24 /* TimeIntervalPicker.swift in Sources */,
				74E15BE32E6609BF00E148F7 /* ExporterButton.swift in Sources */,
				74E15BE12E6204C200E148F7 /* ImportSequenceView.swift in Sources */,
				74E15BE72E6EE11200E148F7 /* Optional+Extension.swift in Sources */,
				74BD695C2E43CFD300532A24 /* CaptureSequenceView.swift in Sources */,
				741AF8352E490089009ACEFA /* CustomFileManager.swift in Sources */,
				7448D63D2E3FD15600D0CB5C /* LapseForgeApp.swift in Sources */,
				741AF83A2E4B4B5D009ACEFA /* SequenceCatalogView.swift in Sources */,
				74BD696B2E47A79200532A24 /* Array+Extension.swift in Sources */,
				74C8BA5D2E96CC2800979C0B /* IdleTimerDisabled.swift in Sources */,
				74BD69642E475E3100532A24 /* PreviewView.swift in Sources */,
				74BD69672E477F9D00532A24 /* IntPicker.swift in Sources */,
				7448D6412E3FD17600D0CB5C /* Utils.swift in Sources */,
				74BD695A2E43CB5200532A24 /* ProjectView.swift in Sources */,
				74D769742E9136750076BCD4 /* SquareByIntrinsic.swift in Sources */,
				7448D6632E41185900D0CB5C /* ProjectsListView.swift in Sources */,
				74BD69622E46588700532A24 /* TimeInterval+Extension.swift in Sources */,
				741AF8332E48C0FA009ACEFA /* ConfigurationSequenceView.swift in Sources */,
				74D769702E8805AE0076BCD4 /* DisplayedTextView.swift in Sources */,
				7448D6612E41184C00D0CB5C /* LapseProject.swift in Sources */,
				74BD695F2E46586800532A24 /* TimeLineView.swift in Sources */,
				741AF8382E4B49B4009ACEFA /* CaptureView.swift in Sources */,
				74E15BE52E6EE0A900E148F7 /* CustomAlert.swift in Sources */,
			);
			runOnlyForDeploymentPostprocessing = 0;
		};
/* End PBXSourcesBuildPhase section */

/* Begin PBXTargetDependency section */
		7448D62F2E3FD07700D0CB5C /* PBXTargetDependency */ = {
			isa = PBXTargetDependency;
			productRef = 7448D62E2E3FD07700D0CB5C /* SwiftLintBuildToolPlugin */;
		};
/* End PBXTargetDependency section */

/* Begin XCBuildConfiguration section */
		7448D61C2E3FCBC200D0CB5C /* Debug */ = {
			isa = XCBuildConfiguration;
			buildSettings = {
				ALWAYS_SEARCH_USER_PATHS = NO;
				ASSETCATALOG_COMPILER_GENERATE_SWIFT_ASSET_SYMBOL_EXTENSIONS = YES;
				CLANG_ANALYZER_LOCALIZABILITY_NONLOCALIZED = YES;
				CLANG_ANALYZER_NONNULL = YES;
				CLANG_ANALYZER_NUMBER_OBJECT_CONVERSION = YES_AGGRESSIVE;
				CLANG_CXX_LANGUAGE_STANDARD = "gnu++20";
				CLANG_ENABLE_MODULES = YES;
				CLANG_ENABLE_OBJC_ARC = YES;
				CLANG_ENABLE_OBJC_WEAK = YES;
				CLANG_WARN_BLOCK_CAPTURE_AUTORELEASING = YES;
				CLANG_WARN_BOOL_CONVERSION = YES;
				CLANG_WARN_COMMA = YES;
				CLANG_WARN_CONSTANT_CONVERSION = YES;
				CLANG_WARN_DEPRECATED_OBJC_IMPLEMENTATIONS = YES;
				CLANG_WARN_DIRECT_OBJC_ISA_USAGE = YES_ERROR;
				CLANG_WARN_DOCUMENTATION_COMMENTS = YES;
				CLANG_WARN_EMPTY_BODY = YES;
				CLANG_WARN_ENUM_CONVERSION = YES;
				CLANG_WARN_INFINITE_RECURSION = YES;
				CLANG_WARN_INT_CONVERSION = YES;
				CLANG_WARN_NON_LITERAL_NULL_CONVERSION = YES;
				CLANG_WARN_OBJC_IMPLICIT_RETAIN_SELF = YES;
				CLANG_WARN_OBJC_LITERAL_CONVERSION = YES;
				CLANG_WARN_OBJC_ROOT_CLASS = YES_ERROR;
				CLANG_WARN_QUOTED_INCLUDE_IN_FRAMEWORK_HEADER = YES;
				CLANG_WARN_RANGE_LOOP_ANALYSIS = YES;
				CLANG_WARN_STRICT_PROTOTYPES = YES;
				CLANG_WARN_SUSPICIOUS_MOVE = YES;
				CLANG_WARN_UNGUARDED_AVAILABILITY = YES_AGGRESSIVE;
				CLANG_WARN_UNREACHABLE_CODE = YES;
				CLANG_WARN__DUPLICATE_METHOD_MATCH = YES;
				COPY_PHASE_STRIP = NO;
				DEAD_CODE_STRIPPING = YES;
				DEBUG_INFORMATION_FORMAT = dwarf;
				DEVELOPMENT_TEAM = 6QVP2HM2ZN;
				ENABLE_STRICT_OBJC_MSGSEND = YES;
				ENABLE_TESTABILITY = YES;
				ENABLE_USER_SCRIPT_SANDBOXING = YES;
				GCC_C_LANGUAGE_STANDARD = gnu17;
				GCC_DYNAMIC_NO_PIC = NO;
				GCC_NO_COMMON_BLOCKS = YES;
				GCC_OPTIMIZATION_LEVEL = 0;
				GCC_PREPROCESSOR_DEFINITIONS = (
					"DEBUG=1",
					"$(inherited)",
				);
				GCC_WARN_64_TO_32_BIT_CONVERSION = YES;
				GCC_WARN_ABOUT_RETURN_TYPE = YES_ERROR;
				GCC_WARN_UNDECLARED_SELECTOR = YES;
				GCC_WARN_UNINITIALIZED_AUTOS = YES_AGGRESSIVE;
				GCC_WARN_UNUSED_FUNCTION = YES;
				GCC_WARN_UNUSED_VARIABLE = YES;
				LOCALIZATION_PREFERS_STRING_CATALOGS = YES;
				MTL_ENABLE_DEBUG_INFO = INCLUDE_SOURCE;
				MTL_FAST_MATH = YES;
				ONLY_ACTIVE_ARCH = YES;
				STRING_CATALOG_GENERATE_SYMBOLS = YES;
				SWIFT_ACTIVE_COMPILATION_CONDITIONS = "DEBUG $(inherited)";
				SWIFT_EMIT_LOC_STRINGS = YES;
				SWIFT_OPTIMIZATION_LEVEL = "-Onone";
			};
			name = Debug;
		};
		7448D61D2E3FCBC200D0CB5C /* Release */ = {
			isa = XCBuildConfiguration;
			buildSettings = {
				ALWAYS_SEARCH_USER_PATHS = NO;
				ASSETCATALOG_COMPILER_GENERATE_SWIFT_ASSET_SYMBOL_EXTENSIONS = YES;
				CLANG_ANALYZER_LOCALIZABILITY_NONLOCALIZED = YES;
				CLANG_ANALYZER_NONNULL = YES;
				CLANG_ANALYZER_NUMBER_OBJECT_CONVERSION = YES_AGGRESSIVE;
				CLANG_CXX_LANGUAGE_STANDARD = "gnu++20";
				CLANG_ENABLE_MODULES = YES;
				CLANG_ENABLE_OBJC_ARC = YES;
				CLANG_ENABLE_OBJC_WEAK = YES;
				CLANG_WARN_BLOCK_CAPTURE_AUTORELEASING = YES;
				CLANG_WARN_BOOL_CONVERSION = YES;
				CLANG_WARN_COMMA = YES;
				CLANG_WARN_CONSTANT_CONVERSION = YES;
				CLANG_WARN_DEPRECATED_OBJC_IMPLEMENTATIONS = YES;
				CLANG_WARN_DIRECT_OBJC_ISA_USAGE = YES_ERROR;
				CLANG_WARN_DOCUMENTATION_COMMENTS = YES;
				CLANG_WARN_EMPTY_BODY = YES;
				CLANG_WARN_ENUM_CONVERSION = YES;
				CLANG_WARN_INFINITE_RECURSION = YES;
				CLANG_WARN_INT_CONVERSION = YES;
				CLANG_WARN_NON_LITERAL_NULL_CONVERSION = YES;
				CLANG_WARN_OBJC_IMPLICIT_RETAIN_SELF = YES;
				CLANG_WARN_OBJC_LITERAL_CONVERSION = YES;
				CLANG_WARN_OBJC_ROOT_CLASS = YES_ERROR;
				CLANG_WARN_QUOTED_INCLUDE_IN_FRAMEWORK_HEADER = YES;
				CLANG_WARN_RANGE_LOOP_ANALYSIS = YES;
				CLANG_WARN_STRICT_PROTOTYPES = YES;
				CLANG_WARN_SUSPICIOUS_MOVE = YES;
				CLANG_WARN_UNGUARDED_AVAILABILITY = YES_AGGRESSIVE;
				CLANG_WARN_UNREACHABLE_CODE = YES;
				CLANG_WARN__DUPLICATE_METHOD_MATCH = YES;
				COPY_PHASE_STRIP = NO;
				DEAD_CODE_STRIPPING = YES;
				DEBUG_INFORMATION_FORMAT = "dwarf-with-dsym";
				DEVELOPMENT_TEAM = 6QVP2HM2ZN;
				ENABLE_NS_ASSERTIONS = NO;
				ENABLE_STRICT_OBJC_MSGSEND = YES;
				ENABLE_USER_SCRIPT_SANDBOXING = YES;
				GCC_C_LANGUAGE_STANDARD = gnu17;
				GCC_NO_COMMON_BLOCKS = YES;
				GCC_WARN_64_TO_32_BIT_CONVERSION = YES;
				GCC_WARN_ABOUT_RETURN_TYPE = YES_ERROR;
				GCC_WARN_UNDECLARED_SELECTOR = YES;
				GCC_WARN_UNINITIALIZED_AUTOS = YES_AGGRESSIVE;
				GCC_WARN_UNUSED_FUNCTION = YES;
				GCC_WARN_UNUSED_VARIABLE = YES;
				LOCALIZATION_PREFERS_STRING_CATALOGS = YES;
				MTL_ENABLE_DEBUG_INFO = NO;
				MTL_FAST_MATH = YES;
				STRING_CATALOG_GENERATE_SYMBOLS = YES;
				SWIFT_COMPILATION_MODE = wholemodule;
				SWIFT_EMIT_LOC_STRINGS = YES;
			};
			name = Release;
		};
		7448D61F2E3FCBC200D0CB5C /* Debug */ = {
			isa = XCBuildConfiguration;
			buildSettings = {
				ASSETCATALOG_COMPILER_APPICON_NAME = icon;
				ASSETCATALOG_COMPILER_GLOBAL_ACCENT_COLOR_NAME = AccentColor;
				ASSETCATALOG_COMPILER_INCLUDE_ALL_APPICON_ASSETS = YES;
				CODE_SIGN_ENTITLEMENTS = LapseForge/LapseForge.entitlements;
				CODE_SIGN_STYLE = Automatic;
				CURRENT_PROJECT_VERSION = 1;
				DEVELOPMENT_TEAM = 6QVP2HM2ZN;
				ENABLE_APP_SANDBOX = YES;
				ENABLE_HARDENED_RUNTIME = YES;
				ENABLE_PREVIEWS = YES;
				ENABLE_RESOURCE_ACCESS_CAMERA = YES;
				ENABLE_USER_SELECTED_FILES = readonly;
				GENERATE_INFOPLIST_FILE = YES;
				INFOPLIST_FILE = LapseForge/Info.plist;
				INFOPLIST_KEY_ITSAppUsesNonExemptEncryption = NO;
				INFOPLIST_KEY_NSCameraUsageDescription = "Uso de camara para captura de imágenes";
				INFOPLIST_KEY_NSPhotoLibraryUsageDescription = "Necesitamos acceder a tu galería para importar vídeos y crear tus secuencias de time-lapse.";
				INFOPLIST_KEY_UIApplicationSceneManifest_Generation = YES;
				"INFOPLIST_KEY_UIApplicationSceneManifest_Generation[sdk=iphoneos*]" = YES;
				"INFOPLIST_KEY_UIApplicationSceneManifest_Generation[sdk=iphonesimulator*]" = YES;
				INFOPLIST_KEY_UIApplicationSupportsIndirectInputEvents = YES;
				"INFOPLIST_KEY_UIApplicationSupportsIndirectInputEvents[sdk=iphoneos*]" = YES;
				"INFOPLIST_KEY_UIApplicationSupportsIndirectInputEvents[sdk=iphonesimulator*]" = YES;
				INFOPLIST_KEY_UILaunchScreen_Generation = YES;
				"INFOPLIST_KEY_UILaunchScreen_Generation[sdk=iphoneos*]" = YES;
				"INFOPLIST_KEY_UILaunchScreen_Generation[sdk=iphonesimulator*]" = YES;
				INFOPLIST_KEY_UILaunchStoryboardName = "Launch Screen.storyboard";
				INFOPLIST_KEY_UIStatusBarStyle = UIStatusBarStyleDefault;
				"INFOPLIST_KEY_UIStatusBarStyle[sdk=iphoneos*]" = UIStatusBarStyleDefault;
				"INFOPLIST_KEY_UIStatusBarStyle[sdk=iphonesimulator*]" = UIStatusBarStyleDefault;
				INFOPLIST_KEY_UISupportedInterfaceOrientations = UIInterfaceOrientationPortrait;
				INFOPLIST_KEY_UISupportedInterfaceOrientations_iPad = "UIInterfaceOrientationLandscapeLeft UIInterfaceOrientationLandscapeRight UIInterfaceOrientationPortrait UIInterfaceOrientationPortraitUpsideDown";
				IPHONEOS_DEPLOYMENT_TARGET = 26.0;
				LD_RUNPATH_SEARCH_PATHS = "@executable_path/Frameworks";
				"LD_RUNPATH_SEARCH_PATHS[sdk=macosx*]" = "@executable_path/../Frameworks";
				MACOSX_DEPLOYMENT_TARGET = 14.0;
				MARKETING_VERSION = 1.1;
				PRODUCT_BUNDLE_IDENTIFIER = com.jeronimoCabezuelo.LapseForge;
				PRODUCT_NAME = "$(TARGET_NAME)";
				REGISTER_APP_GROUPS = YES;
				SDKROOT = iphoneos;
				SUPPORTED_PLATFORMS = "iphoneos iphonesimulator";
				SUPPORTS_MACCATALYST = NO;
				SUPPORTS_MAC_DESIGNED_FOR_IPHONE_IPAD = NO;
				SUPPORTS_XR_DESIGNED_FOR_IPHONE_IPAD = NO;
				SWIFT_EMIT_LOC_STRINGS = YES;
				SWIFT_VERSION = 5.0;
				TARGETED_DEVICE_FAMILY = 1;
				XROS_DEPLOYMENT_TARGET = 2.4;
			};
			name = Debug;
		};
		7448D6202E3FCBC200D0CB5C /* Release */ = {
			isa = XCBuildConfiguration;
			buildSettings = {
				ASSETCATALOG_COMPILER_APPICON_NAME = icon;
				ASSETCATALOG_COMPILER_GLOBAL_ACCENT_COLOR_NAME = AccentColor;
				ASSETCATALOG_COMPILER_INCLUDE_ALL_APPICON_ASSETS = YES;
				CODE_SIGN_ENTITLEMENTS = LapseForge/LapseForge.entitlements;
				CODE_SIGN_STYLE = Automatic;
				CURRENT_PROJECT_VERSION = 1;
				DEVELOPMENT_TEAM = 6QVP2HM2ZN;
				ENABLE_APP_SANDBOX = YES;
				ENABLE_HARDENED_RUNTIME = YES;
				ENABLE_PREVIEWS = YES;
				ENABLE_RESOURCE_ACCESS_CAMERA = YES;
				ENABLE_USER_SELECTED_FILES = readonly;
				GENERATE_INFOPLIST_FILE = YES;
				INFOPLIST_FILE = LapseForge/Info.plist;
				INFOPLIST_KEY_ITSAppUsesNonExemptEncryption = NO;
				INFOPLIST_KEY_NSCameraUsageDescription = "Uso de camara para captura de imágenes";
				INFOPLIST_KEY_NSPhotoLibraryUsageDescription = "Necesitamos acceder a tu galería para importar vídeos y crear tus secuencias de time-lapse.";
				INFOPLIST_KEY_UIApplicationSceneManifest_Generation = YES;
				"INFOPLIST_KEY_UIApplicationSceneManifest_Generation[sdk=iphoneos*]" = YES;
				"INFOPLIST_KEY_UIApplicationSceneManifest_Generation[sdk=iphonesimulator*]" = YES;
				INFOPLIST_KEY_UIApplicationSupportsIndirectInputEvents = YES;
				"INFOPLIST_KEY_UIApplicationSupportsIndirectInputEvents[sdk=iphoneos*]" = YES;
				"INFOPLIST_KEY_UIApplicationSupportsIndirectInputEvents[sdk=iphonesimulator*]" = YES;
				INFOPLIST_KEY_UILaunchScreen_Generation = YES;
				"INFOPLIST_KEY_UILaunchScreen_Generation[sdk=iphoneos*]" = YES;
				"INFOPLIST_KEY_UILaunchScreen_Generation[sdk=iphonesimulator*]" = YES;
				INFOPLIST_KEY_UILaunchStoryboardName = "Launch Screen.storyboard";
				INFOPLIST_KEY_UIStatusBarStyle = UIStatusBarStyleDefault;
				"INFOPLIST_KEY_UIStatusBarStyle[sdk=iphoneos*]" = UIStatusBarStyleDefault;
				"INFOPLIST_KEY_UIStatusBarStyle[sdk=iphonesimulator*]" = UIStatusBarStyleDefault;
				INFOPLIST_KEY_UISupportedInterfaceOrientations = UIInterfaceOrientationPortrait;
				INFOPLIST_KEY_UISupportedInterfaceOrientations_iPad = "UIInterfaceOrientationLandscapeLeft UIInterfaceOrientationLandscapeRight UIInterfaceOrientationPortrait UIInterfaceOrientationPortraitUpsideDown";
				IPHONEOS_DEPLOYMENT_TARGET = 26.0;
				LD_RUNPATH_SEARCH_PATHS = "@executable_path/Frameworks";
				"LD_RUNPATH_SEARCH_PATHS[sdk=macosx*]" = "@executable_path/../Frameworks";
				MACOSX_DEPLOYMENT_TARGET = 14.0;
				MARKETING_VERSION = 1.1;
				PRODUCT_BUNDLE_IDENTIFIER = com.jeronimoCabezuelo.LapseForge;
				PRODUCT_NAME = "$(TARGET_NAME)";
				REGISTER_APP_GROUPS = YES;
				SDKROOT = iphoneos;
				SUPPORTED_PLATFORMS = "iphoneos iphonesimulator";
				SUPPORTS_MACCATALYST = NO;
				SUPPORTS_MAC_DESIGNED_FOR_IPHONE_IPAD = NO;
				SUPPORTS_XR_DESIGNED_FOR_IPHONE_IPAD = NO;
				SWIFT_EMIT_LOC_STRINGS = YES;
				SWIFT_VERSION = 5.0;
				TARGETED_DEVICE_FAMILY = 1;
				XROS_DEPLOYMENT_TARGET = 2.4;
			};
			name = Release;
		};
/* End XCBuildConfiguration section */

/* Begin XCConfigurationList section */
		7448D60B2E3FCBC100D0CB5C /* Build configuration list for PBXProject "LapseForge" */ = {
			isa = XCConfigurationList;
			buildConfigurations = (
				7448D61C2E3FCBC200D0CB5C /* Debug */,
				7448D61D2E3FCBC200D0CB5C /* Release */,
			);
			defaultConfigurationIsVisible = 0;
			defaultConfigurationName = Release;
		};
		7448D61E2E3FCBC200D0CB5C /* Build configuration list for PBXNativeTarget "LapseForge" */ = {
			isa = XCConfigurationList;
			buildConfigurations = (
				7448D61F2E3FCBC200D0CB5C /* Debug */,
				7448D6202E3FCBC200D0CB5C /* Release */,
			);
			defaultConfigurationIsVisible = 0;
			defaultConfigurationName = Release;
		};
/* End XCConfigurationList section */

/* Begin XCRemoteSwiftPackageReference section */
		7448D62D2E3FCF7000D0CB5C /* XCRemoteSwiftPackageReference "SwiftLintPlugins" */ = {
			isa = XCRemoteSwiftPackageReference;
			repositoryURL = "https://github.com/SimplyDanny/SwiftLintPlugins";
			requirement = {
				kind = upToNextMajorVersion;
				minimumVersion = 0.59.1;
			};
		};
/* End XCRemoteSwiftPackageReference section */

/* Begin XCSwiftPackageProductDependency section */
		7448D62E2E3FD07700D0CB5C /* SwiftLintBuildToolPlugin */ = {
			isa = XCSwiftPackageProductDependency;
			package = 7448D62D2E3FCF7000D0CB5C /* XCRemoteSwiftPackageReference "SwiftLintPlugins" */;
			productName = "plugin:SwiftLintBuildToolPlugin";
		};
/* End XCSwiftPackageProductDependency section */
	};
	rootObject = 7448D6082E3FCBC100D0CB5C /* Project object */;
}
